
Microsoft Visual Studio Solution File, Format Version 12.00
# Visual Studio Version 17
VisualStudioVersion = 17.2.32516.85
MinimumVisualStudioVersion = 10.0.40219.1
Project("{9A19103F-16F7-4668-BE54-9A1E7A4F7556}") = "ImguiGen", "ImguiGen\ImguiGen.csproj", "{867BFE69-8575-473F-B505-F1569257A3DB}"
EndProject
Project("{9A19103F-16F7-4668-BE54-9A1E7A4F7556}") = "ImguizmoGen", "ImguizmoGen\ImguizmoGen.csproj", "{466D8995-3944-4F8A-ACEB-572B85FD48A9}"
EndProject
Project("{9A19103F-16F7-4668-BE54-9A1E7A4F7556}") = "ImplotGen", "ImplotGen\ImplotGen.csproj", "{EA872447-60DA-465C-9368-B31C41E6E28F}"
EndProject
Project("{9A19103F-16F7-4668-BE54-9A1E7A4F7556}") = "ImnodesGen", "ImnodesGen\ImnodesGen.csproj", "{2562E352-D30F-464E-A1CF-C2A353F72586}"
EndProject
Project("{2150E333-8FDC-42A3-9474-1A3956D46DE8}") = "Imgui", "Imgui", "{2A1E0EB7-6651-476F-BEBE-EF3A3C0CB210}"
EndProject
Project("{2150E333-8FDC-42A3-9474-1A3956D46DE8}") = "Imguizmo", "Imguizmo", "{4101AE9E-137B-4EBA-9FA2-725D445DE4CF}"
EndProject
Project("{2150E333-8FDC-42A3-9474-1A3956D46DE8}") = "Imnodes", "Imnodes", "{8B15522E-77A3-40A6-9ECB-B150BD2D062E}"
EndProject
Project("{2150E333-8FDC-42A3-9474-1A3956D46DE8}") = "Implot", "Implot", "{60BDC0A7-095D-4BB4-9FA5-4EB87555E9AE}"
EndProject
Project("{9A19103F-16F7-4668-BE54-9A1E7A4F7556}") = "Evergine.Bindings.Imgui", "Evergine.Bindings.Imgui\Evergine.Bindings.Imgui.csproj", "{53BF0E25-68D4-402A-B589-DF576D556378}"
EndProject
Project("{9A19103F-16F7-4668-BE54-9A1E7A4F7556}") = "Evergine.Bindings.Imguizmo", "Evergine.Bindings.Imguizmo\Evergine.Bindings.Imguizmo.csproj", "{DD77BAD0-468D-455D-B9D3-FAABE39A4A59}"
EndProject
Project("{9A19103F-16F7-4668-BE54-9A1E7A4F7556}") = "Evergine.Bindings.Imnodes", "Evergine.Bindings.Imnodes\Evergine.Bindings.Imnodes.csproj", "{AD9F2DC9-8486-4DF5-B0F1-A3E3CDF77BDF}"
EndProject
Project("{9A19103F-16F7-4668-BE54-9A1E7A4F7556}") = "Evergine.Bindings.Implot", "Evergine.Bindings.Implot\Evergine.Bindings.Implot.csproj", "{7E20C172-A5C0-4040-8C6C-6068423E9AF1}"
EndProject
Project("{D954291E-2A0B-460D-934E-DC6B0785DB48}") = "Common", "Common\Common.shproj", "{3A077A7F-EEEB-4909-BE51-B875837F4000}"
EndProject
Project("{2150E333-8FDC-42A3-9474-1A3956D46DE8}") = "Example", "Example", "{512680B5-0731-442E-A035-5BFE076D4160}"
EndProject
Project("{FAE04EC0-301F-11D3-BF4B-00C04F79EFBC}") = "ExampleEvergine.Windows", "Example\ExampleEvergine.Windows\ExampleEvergine.Windows.csproj", "{E27D7DB4-9053-4EF0-81A5-43BC98BA76BD}"
EndProject
Project("{FAE04EC0-301F-11D3-BF4B-00C04F79EFBC}") = "ExampleEvergine.Editor", "Example\ExampleEvergine.Editor\ExampleEvergine.Editor.csproj", "{40237039-EA0E-47FF-9BE4-644B2B2FCB74}"
EndProject
Project("{FAE04EC0-301F-11D3-BF4B-00C04F79EFBC}") = "ExampleEvergine", "Example\ExampleEvergine\ExampleEvergine.csproj", "{BC6BA3DB-5D33-42DA-8126-6E79D6B68F99}"
EndProject
Global
	GlobalSection(SolutionConfigurationPlatforms) = preSolution
		Debug|Any CPU = Debug|Any CPU
		Debug|x64 = Debug|x64
		Debug|x86 = Debug|x86
		Release|Any CPU = Release|Any CPU
		Release|x64 = Release|x64
		Release|x86 = Release|x86
	EndGlobalSection
	GlobalSection(ProjectConfigurationPlatforms) = postSolution
		{867BFE69-8575-473F-B505-F1569257A3DB}.Debug|Any CPU.ActiveCfg = Debug|Any CPU
		{867BFE69-8575-473F-B505-F1569257A3DB}.Debug|Any CPU.Build.0 = Debug|Any CPU
		{867BFE69-8575-473F-B505-F1569257A3DB}.Debug|x64.ActiveCfg = Debug|x64
		{867BFE69-8575-473F-B505-F1569257A3DB}.Debug|x64.Build.0 = Debug|x64
		{867BFE69-8575-473F-B505-F1569257A3DB}.Debug|x86.ActiveCfg = Debug|x86
		{867BFE69-8575-473F-B505-F1569257A3DB}.Debug|x86.Build.0 = Debug|x86
		{867BFE69-8575-473F-B505-F1569257A3DB}.Release|Any CPU.ActiveCfg = Release|Any CPU
		{867BFE69-8575-473F-B505-F1569257A3DB}.Release|Any CPU.Build.0 = Release|Any CPU
		{867BFE69-8575-473F-B505-F1569257A3DB}.Release|x64.ActiveCfg = Release|x64
		{867BFE69-8575-473F-B505-F1569257A3DB}.Release|x64.Build.0 = Release|x64
		{867BFE69-8575-473F-B505-F1569257A3DB}.Release|x86.ActiveCfg = Release|x86
		{867BFE69-8575-473F-B505-F1569257A3DB}.Release|x86.Build.0 = Release|x86
		{466D8995-3944-4F8A-ACEB-572B85FD48A9}.Debug|Any CPU.ActiveCfg = Debug|Any CPU
		{466D8995-3944-4F8A-ACEB-572B85FD48A9}.Debug|Any CPU.Build.0 = Debug|Any CPU
		{466D8995-3944-4F8A-ACEB-572B85FD48A9}.Debug|x64.ActiveCfg = Debug|x64
		{466D8995-3944-4F8A-ACEB-572B85FD48A9}.Debug|x64.Build.0 = Debug|x64
		{466D8995-3944-4F8A-ACEB-572B85FD48A9}.Debug|x86.ActiveCfg = Debug|x86
		{466D8995-3944-4F8A-ACEB-572B85FD48A9}.Debug|x86.Build.0 = Debug|x86
		{466D8995-3944-4F8A-ACEB-572B85FD48A9}.Release|Any CPU.ActiveCfg = Release|Any CPU
		{466D8995-3944-4F8A-ACEB-572B85FD48A9}.Release|Any CPU.Build.0 = Release|Any CPU
		{466D8995-3944-4F8A-ACEB-572B85FD48A9}.Release|x64.ActiveCfg = Release|x64
		{466D8995-3944-4F8A-ACEB-572B85FD48A9}.Release|x64.Build.0 = Release|x64
		{466D8995-3944-4F8A-ACEB-572B85FD48A9}.Release|x86.ActiveCfg = Release|x86
		{466D8995-3944-4F8A-ACEB-572B85FD48A9}.Release|x86.Build.0 = Release|x86
		{EA872447-60DA-465C-9368-B31C41E6E28F}.Debug|Any CPU.ActiveCfg = Debug|Any CPU
		{EA872447-60DA-465C-9368-B31C41E6E28F}.Debug|Any CPU.Build.0 = Debug|Any CPU
		{EA872447-60DA-465C-9368-B31C41E6E28F}.Debug|x64.ActiveCfg = Debug|x64
		{EA872447-60DA-465C-9368-B31C41E6E28F}.Debug|x64.Build.0 = Debug|x64
		{EA872447-60DA-465C-9368-B31C41E6E28F}.Debug|x86.ActiveCfg = Debug|x86
		{EA872447-60DA-465C-9368-B31C41E6E28F}.Debug|x86.Build.0 = Debug|x86
		{EA872447-60DA-465C-9368-B31C41E6E28F}.Release|Any CPU.ActiveCfg = Release|Any CPU
		{EA872447-60DA-465C-9368-B31C41E6E28F}.Release|Any CPU.Build.0 = Release|Any CPU
		{EA872447-60DA-465C-9368-B31C41E6E28F}.Release|x64.ActiveCfg = Release|x64
		{EA872447-60DA-465C-9368-B31C41E6E28F}.Release|x64.Build.0 = Release|x64
		{EA872447-60DA-465C-9368-B31C41E6E28F}.Release|x86.ActiveCfg = Release|x86
		{EA872447-60DA-465C-9368-B31C41E6E28F}.Release|x86.Build.0 = Release|x86
		{2562E352-D30F-464E-A1CF-C2A353F72586}.Debug|Any CPU.ActiveCfg = Debug|Any CPU
		{2562E352-D30F-464E-A1CF-C2A353F72586}.Debug|Any CPU.Build.0 = Debug|Any CPU
		{2562E352-D30F-464E-A1CF-C2A353F72586}.Debug|x64.ActiveCfg = Debug|x64
		{2562E352-D30F-464E-A1CF-C2A353F72586}.Debug|x64.Build.0 = Debug|x64
		{2562E352-D30F-464E-A1CF-C2A353F72586}.Debug|x86.ActiveCfg = Debug|x86
		{2562E352-D30F-464E-A1CF-C2A353F72586}.Debug|x86.Build.0 = Debug|x86
		{2562E352-D30F-464E-A1CF-C2A353F72586}.Release|Any CPU.ActiveCfg = Release|Any CPU
		{2562E352-D30F-464E-A1CF-C2A353F72586}.Release|Any CPU.Build.0 = Release|Any CPU
		{2562E352-D30F-464E-A1CF-C2A353F72586}.Release|x64.ActiveCfg = Release|x64
		{2562E352-D30F-464E-A1CF-C2A353F72586}.Release|x64.Build.0 = Release|x64
		{2562E352-D30F-464E-A1CF-C2A353F72586}.Release|x86.ActiveCfg = Release|x86
		{2562E352-D30F-464E-A1CF-C2A353F72586}.Release|x86.Build.0 = Release|x86
		{53BF0E25-68D4-402A-B589-DF576D556378}.Debug|Any CPU.ActiveCfg = Debug|Any CPU
		{53BF0E25-68D4-402A-B589-DF576D556378}.Debug|Any CPU.Build.0 = Debug|Any CPU
		{53BF0E25-68D4-402A-B589-DF576D556378}.Debug|x64.ActiveCfg = Debug|x64
		{53BF0E25-68D4-402A-B589-DF576D556378}.Debug|x64.Build.0 = Debug|x64
		{53BF0E25-68D4-402A-B589-DF576D556378}.Debug|x86.ActiveCfg = Debug|x86
		{53BF0E25-68D4-402A-B589-DF576D556378}.Debug|x86.Build.0 = Debug|x86
		{53BF0E25-68D4-402A-B589-DF576D556378}.Release|Any CPU.ActiveCfg = Release|Any CPU
		{53BF0E25-68D4-402A-B589-DF576D556378}.Release|Any CPU.Build.0 = Release|Any CPU
		{53BF0E25-68D4-402A-B589-DF576D556378}.Release|x64.ActiveCfg = Release|x64
		{53BF0E25-68D4-402A-B589-DF576D556378}.Release|x64.Build.0 = Release|x64
		{53BF0E25-68D4-402A-B589-DF576D556378}.Release|x86.ActiveCfg = Release|x86
		{53BF0E25-68D4-402A-B589-DF576D556378}.Release|x86.Build.0 = Release|x86
		{DD77BAD0-468D-455D-B9D3-FAABE39A4A59}.Debug|Any CPU.ActiveCfg = Debug|Any CPU
		{DD77BAD0-468D-455D-B9D3-FAABE39A4A59}.Debug|Any CPU.Build.0 = Debug|Any CPU
		{DD77BAD0-468D-455D-B9D3-FAABE39A4A59}.Debug|x64.ActiveCfg = Debug|x64
		{DD77BAD0-468D-455D-B9D3-FAABE39A4A59}.Debug|x64.Build.0 = Debug|x64
		{DD77BAD0-468D-455D-B9D3-FAABE39A4A59}.Debug|x86.ActiveCfg = Debug|x86
		{DD77BAD0-468D-455D-B9D3-FAABE39A4A59}.Debug|x86.Build.0 = Debug|x86
		{DD77BAD0-468D-455D-B9D3-FAABE39A4A59}.Release|Any CPU.ActiveCfg = Release|Any CPU
		{DD77BAD0-468D-455D-B9D3-FAABE39A4A59}.Release|Any CPU.Build.0 = Release|Any CPU
		{DD77BAD0-468D-455D-B9D3-FAABE39A4A59}.Release|x64.ActiveCfg = Release|x64
		{DD77BAD0-468D-455D-B9D3-FAABE39A4A59}.Release|x64.Build.0 = Release|x64
		{DD77BAD0-468D-455D-B9D3-FAABE39A4A59}.Release|x86.ActiveCfg = Release|x86
		{DD77BAD0-468D-455D-B9D3-FAABE39A4A59}.Release|x86.Build.0 = Release|x86
		{AD9F2DC9-8486-4DF5-B0F1-A3E3CDF77BDF}.Debug|Any CPU.ActiveCfg = Debug|Any CPU
		{AD9F2DC9-8486-4DF5-B0F1-A3E3CDF77BDF}.Debug|Any CPU.Build.0 = Debug|Any CPU
		{AD9F2DC9-8486-4DF5-B0F1-A3E3CDF77BDF}.Debug|x64.ActiveCfg = Debug|x64
		{AD9F2DC9-8486-4DF5-B0F1-A3E3CDF77BDF}.Debug|x64.Build.0 = Debug|x64
		{AD9F2DC9-8486-4DF5-B0F1-A3E3CDF77BDF}.Debug|x86.ActiveCfg = Debug|x86
		{AD9F2DC9-8486-4DF5-B0F1-A3E3CDF77BDF}.Debug|x86.Build.0 = Debug|x86
		{AD9F2DC9-8486-4DF5-B0F1-A3E3CDF77BDF}.Release|Any CPU.ActiveCfg = Release|Any CPU
		{AD9F2DC9-8486-4DF5-B0F1-A3E3CDF77BDF}.Release|Any CPU.Build.0 = Release|Any CPU
		{AD9F2DC9-8486-4DF5-B0F1-A3E3CDF77BDF}.Release|x64.ActiveCfg = Release|x64
		{AD9F2DC9-8486-4DF5-B0F1-A3E3CDF77BDF}.Release|x64.Build.0 = Release|x64
		{AD9F2DC9-8486-4DF5-B0F1-A3E3CDF77BDF}.Release|x86.ActiveCfg = Release|x86
		{AD9F2DC9-8486-4DF5-B0F1-A3E3CDF77BDF}.Release|x86.Build.0 = Release|x86
		{7E20C172-A5C0-4040-8C6C-6068423E9AF1}.Debug|Any CPU.ActiveCfg = Debug|Any CPU
		{7E20C172-A5C0-4040-8C6C-6068423E9AF1}.Debug|Any CPU.Build.0 = Debug|Any CPU
		{7E20C172-A5C0-4040-8C6C-6068423E9AF1}.Debug|x64.ActiveCfg = Debug|x64
		{7E20C172-A5C0-4040-8C6C-6068423E9AF1}.Debug|x64.Build.0 = Debug|x64
		{7E20C172-A5C0-4040-8C6C-6068423E9AF1}.Debug|x86.ActiveCfg = Debug|x86
		{7E20C172-A5C0-4040-8C6C-6068423E9AF1}.Debug|x86.Build.0 = Debug|x86
		{7E20C172-A5C0-4040-8C6C-6068423E9AF1}.Release|Any CPU.ActiveCfg = Release|Any CPU
		{7E20C172-A5C0-4040-8C6C-6068423E9AF1}.Release|Any CPU.Build.0 = Release|Any CPU
		{7E20C172-A5C0-4040-8C6C-6068423E9AF1}.Release|x64.ActiveCfg = Release|x64
		{7E20C172-A5C0-4040-8C6C-6068423E9AF1}.Release|x64.Build.0 = Release|x64
		{7E20C172-A5C0-4040-8C6C-6068423E9AF1}.Release|x86.ActiveCfg = Release|x86
		{7E20C172-A5C0-4040-8C6C-6068423E9AF1}.Release|x86.Build.0 = Release|x86
		{E27D7DB4-9053-4EF0-81A5-43BC98BA76BD}.Debug|Any CPU.ActiveCfg = Debug|Any CPU
		{E27D7DB4-9053-4EF0-81A5-43BC98BA76BD}.Debug|Any CPU.Build.0 = Debug|Any CPU
		{E27D7DB4-9053-4EF0-81A5-43BC98BA76BD}.Debug|x64.ActiveCfg = Debug|Any CPU
		{E27D7DB4-9053-4EF0-81A5-43BC98BA76BD}.Debug|x64.Build.0 = Debug|Any CPU
		{E27D7DB4-9053-4EF0-81A5-43BC98BA76BD}.Debug|x86.ActiveCfg = Debug|Any CPU
		{E27D7DB4-9053-4EF0-81A5-43BC98BA76BD}.Debug|x86.Build.0 = Debug|Any CPU
		{E27D7DB4-9053-4EF0-81A5-43BC98BA76BD}.Release|Any CPU.ActiveCfg = Release|Any CPU
		{E27D7DB4-9053-4EF0-81A5-43BC98BA76BD}.Release|Any CPU.Build.0 = Release|Any CPU
		{E27D7DB4-9053-4EF0-81A5-43BC98BA76BD}.Release|x64.ActiveCfg = Release|Any CPU
		{E27D7DB4-9053-4EF0-81A5-43BC98BA76BD}.Release|x64.Build.0 = Release|Any CPU
		{E27D7DB4-9053-4EF0-81A5-43BC98BA76BD}.Release|x86.ActiveCfg = Release|Any CPU
		{E27D7DB4-9053-4EF0-81A5-43BC98BA76BD}.Release|x86.Build.0 = Release|Any CPU
		{40237039-EA0E-47FF-9BE4-644B2B2FCB74}.Debug|Any CPU.ActiveCfg = Debug|Any CPU
		{40237039-EA0E-47FF-9BE4-644B2B2FCB74}.Debug|Any CPU.Build.0 = Debug|Any CPU
		{40237039-EA0E-47FF-9BE4-644B2B2FCB74}.Debug|x64.ActiveCfg = Debug|Any CPU
		{40237039-EA0E-47FF-9BE4-644B2B2FCB74}.Debug|x64.Build.0 = Debug|Any CPU
		{40237039-EA0E-47FF-9BE4-644B2B2FCB74}.Debug|x86.ActiveCfg = Debug|Any CPU
		{40237039-EA0E-47FF-9BE4-644B2B2FCB74}.Debug|x86.Build.0 = Debug|Any CPU
		{40237039-EA0E-47FF-9BE4-644B2B2FCB74}.Release|Any CPU.ActiveCfg = Release|Any CPU
		{40237039-EA0E-47FF-9BE4-644B2B2FCB74}.Release|Any CPU.Build.0 = Release|Any CPU
		{40237039-EA0E-47FF-9BE4-644B2B2FCB74}.Release|x64.ActiveCfg = Release|Any CPU
		{40237039-EA0E-47FF-9BE4-644B2B2FCB74}.Release|x64.Build.0 = Release|Any CPU
		{40237039-EA0E-47FF-9BE4-644B2B2FCB74}.Release|x86.ActiveCfg = Release|Any CPU
		{40237039-EA0E-47FF-9BE4-644B2B2FCB74}.Release|x86.Build.0 = Release|Any CPU
		{BC6BA3DB-5D33-42DA-8126-6E79D6B68F99}.Debug|Any CPU.ActiveCfg = Debug|Any CPU
		{BC6BA3DB-5D33-42DA-8126-6E79D6B68F99}.Debug|Any CPU.Build.0 = Debug|Any CPU
		{BC6BA3DB-5D33-42DA-8126-6E79D6B68F99}.Debug|x64.ActiveCfg = Debug|Any CPU
		{BC6BA3DB-5D33-42DA-8126-6E79D6B68F99}.Debug|x64.Build.0 = Debug|Any CPU
		{BC6BA3DB-5D33-42DA-8126-6E79D6B68F99}.Debug|x86.ActiveCfg = Debug|Any CPU
		{BC6BA3DB-5D33-42DA-8126-6E79D6B68F99}.Debug|x86.Build.0 = Debug|Any CPU
		{BC6BA3DB-5D33-42DA-8126-6E79D6B68F99}.Release|Any CPU.ActiveCfg = Release|Any CPU
		{BC6BA3DB-5D33-42DA-8126-6E79D6B68F99}.Release|Any CPU.Build.0 = Release|Any CPU
		{BC6BA3DB-5D33-42DA-8126-6E79D6B68F99}.Release|x64.ActiveCfg = Release|Any CPU
		{BC6BA3DB-5D33-42DA-8126-6E79D6B68F99}.Release|x64.Build.0 = Release|Any CPU
		{BC6BA3DB-5D33-42DA-8126-6E79D6B68F99}.Release|x86.ActiveCfg = Release|Any CPU
		{BC6BA3DB-5D33-42DA-8126-6E79D6B68F99}.Release|x86.Build.0 = Release|Any CPU
	EndGlobalSection
	GlobalSection(SolutionProperties) = preSolution
		HideSolutionNode = FALSE
	EndGlobalSection
	GlobalSection(NestedProjects) = preSolution
		{867BFE69-8575-473F-B505-F1569257A3DB} = {2A1E0EB7-6651-476F-BEBE-EF3A3C0CB210}
		{466D8995-3944-4F8A-ACEB-572B85FD48A9} = {4101AE9E-137B-4EBA-9FA2-725D445DE4CF}
		{EA872447-60DA-465C-9368-B31C41E6E28F} = {60BDC0A7-095D-4BB4-9FA5-4EB87555E9AE}
		{2562E352-D30F-464E-A1CF-C2A353F72586} = {8B15522E-77A3-40A6-9ECB-B150BD2D062E}
		{53BF0E25-68D4-402A-B589-DF576D556378} = {2A1E0EB7-6651-476F-BEBE-EF3A3C0CB210}
		{DD77BAD0-468D-455D-B9D3-FAABE39A4A59} = {4101AE9E-137B-4EBA-9FA2-725D445DE4CF}
		{AD9F2DC9-8486-4DF5-B0F1-A3E3CDF77BDF} = {8B15522E-77A3-40A6-9ECB-B150BD2D062E}
		{7E20C172-A5C0-4040-8C6C-6068423E9AF1} = {60BDC0A7-095D-4BB4-9FA5-4EB87555E9AE}
		{E27D7DB4-9053-4EF0-81A5-43BC98BA76BD} = {512680B5-0731-442E-A035-5BFE076D4160}
		{40237039-EA0E-47FF-9BE4-644B2B2FCB74} = {512680B5-0731-442E-A035-5BFE076D4160}
		{BC6BA3DB-5D33-42DA-8126-6E79D6B68F99} = {512680B5-0731-442E-A035-5BFE076D4160}
	EndGlobalSection
	GlobalSection(ExtensibilityGlobals) = postSolution
		SolutionGuid = {D343AB39-927E-4EC5-9636-075AAC61BD50}
	EndGlobalSection
	GlobalSection(SharedMSBuildProjectFiles) = preSolution
		Common\Common.projitems*{2562e352-d30f-464e-a1cf-c2a353f72586}*SharedItemsImports = 5
		Common\Common.projitems*{3a077a7f-eeeb-4909-be51-b875837f4000}*SharedItemsImports = 13
		Common\Common.projitems*{466d8995-3944-4f8a-aceb-572b85fd48a9}*SharedItemsImports = 5
		Common\Common.projitems*{867bfe69-8575-473f-b505-f1569257a3db}*SharedItemsImports = 5
		Common\Common.projitems*{ea872447-60da-465c-9368-b31c41e6e28f}*SharedItemsImports = 5
	EndGlobalSection
EndGlobal
